<?xml version="1.0" encoding="utf-8"?>
<Project ToolsVersion="4.0" xmlns="http://schemas.microsoft.com/developer/msbuild/2003">
  <ItemGroup>
    <Filter Include="Source Files">
      <UniqueIdentifier>{f865cbb0-0121-4071-a5c3-1f8e21cb2f78}</UniqueIdentifier>
      <Extensions>cpp;c;cxx;rc;def;r;odl;idl;hpj;bat</Extensions>
    </Filter>
    <Filter Include="Header Files">
      <UniqueIdentifier>{91cedf37-68c3-42cd-a7a6-431fcfc3a45d}</UniqueIdentifier>
      <Extensions>h;hpp;hxx;hm;inl</Extensions>
    </Filter>
    <Filter Include="Resource Files">
      <UniqueIdentifier>{7930c331-5815-434c-901f-7538346d800f}</UniqueIdentifier>
      <Extensions>ico;cur;bmp;dlg;rc2;rct;bin;rgs;gif;jpg;jpeg;jpe</Extensions>
    </Filter>
  </ItemGroup>
  <ItemGroup>
    <ClCompile Include="about.cpp">
      <Filter>Source Files</Filter>
    </ClCompile>
    <ClCompile Include="addscc.cpp">
      <Filter>Source Files</Filter>
    </ClCompile>
    <ClCompile Include="apply.cpp">
      <Filter>Source Files</Filter>
    </ClCompile>
    <ClCompile Include="branch.cpp">
      <Filter>Source Files</Filter>
    </ClCompile>
    <ClCompile Include="caps.cpp">
      <Filter>Source Files</Filter>
    </ClCompile>
    <ClCompile Include="cert.cpp">
      <Filter>Source Files</Filter>
    </ClCompile>
    <ClCompile Include="checkout.cpp">
      <Filter>Source Files</Filter>
    </ClCompile>
    <ClCompile Include="clone.cpp">
      <Filter>Source Files</Filter>
    </ClCompile>
    <ClCompile Include="cmdopts.cpp">
      <Filter>Source Files</Filter>
    </ClCompile>
    <ClCompile Include="commit.cpp">
      <Filter>Source Files</Filter>
    </ClCompile>
    <ClCompile Include="commitmk.cpp">
      <Filter>Source Files</Filter>
    </ClCompile>
    <ClCompile Include="commitvw.cpp">
      <Filter>Source Files</Filter>
    </ClCompile>
    <ClCompile Include="coutcflt.cpp">
      <Filter>Source Files</Filter>
    </ClCompile>
    <ClCompile Include="diff.cpp">
      <Filter>Source Files</Filter>
    </ClCompile>
    <ClCompile Include="diffwin.cpp">
      <Filter>Source Files</Filter>
    </ClCompile>
    <ClCompile Include="format.cpp">
      <Filter>Source Files</Filter>
    </ClCompile>
    <ClCompile Include="gitconf.cpp">
      <Filter>Source Files</Filter>
    </ClCompile>
    <ClCompile Include="history.cpp">
      <Filter>Source Files</Filter>
    </ClCompile>
    <ClCompile Include="LGit.cpp">
      <Filter>Source Files</Filter>
    </ClCompile>
    <ClCompile Include="logging.cpp">
      <Filter>Source Files</Filter>
    </ClCompile>
    <ClCompile Include="merge.cpp">
      <Filter>Source Files</Filter>
    </ClCompile>
    <ClCompile Include="path.cpp">
      <Filter>Source Files</Filter>
    </ClCompile>
    <ClCompile Include="progress.cpp">
      <Filter>Source Files</Filter>
    </ClCompile>
    <ClCompile Include="project.cpp">
      <Filter>Source Files</Filter>
    </ClCompile>
    <ClCompile Include="pushpull.cpp">
      <Filter>Source Files</Filter>
    </ClCompile>
    <ClCompile Include="query.cpp">
      <Filter>Source Files</Filter>
    </ClCompile>
    <ClCompile Include="remote.cpp">
      <Filter>Source Files</Filter>
    </ClCompile>
    <ClCompile Include="remotecb.cpp">
      <Filter>Source Files</Filter>
    </ClCompile>
    <ClCompile Include="revert.cpp">
      <Filter>Source Files</Filter>
    </ClCompile>
    <ClCompile Include="revparse.cpp">
      <Filter>Source Files</Filter>
    </ClCompile>
    <ClCompile Include="runscc.cpp">
      <Filter>Source Files</Filter>
    </ClCompile>
    <ClCompile Include="sigwin.cpp">
      <Filter>Source Files</Filter>
    </ClCompile>
    <ClCompile Include="stage.cpp">
      <Filter>Source Files</Filter>
    </ClCompile>
    <ClCompile Include="status.cpp">
      <Filter>Source Files</Filter>
    </ClCompile>
    <ClCompile Include="StdAfx.cpp">
      <Filter>Source Files</Filter>
    </ClCompile>
    <ClCompile Include="string.cpp">
      <Filter>Source Files</Filter>
    </ClCompile>
    <ClCompile Include="tag.cpp">
      <Filter>Source Files</Filter>
    </ClCompile>
    <ClCompile Include="unicode.cpp">
      <Filter>Source Files</Filter>
    </ClCompile>
    <ClCompile Include="winutil.cpp">
      <Filter>Source Files</Filter>
    </ClCompile>
    <ClCompile Include="cherry.cpp">
      <Filter>Source Files</Filter>
    </ClCompile>
  </ItemGroup>
  <ItemGroup>
    <ClInclude Include="LGit.h">
      <Filter>Header Files</Filter>
    </ClInclude>
    <ClInclude Include="resource.h">
      <Filter>Header Files</Filter>
    </ClInclude>
    <ClInclude Include="scc_1_3.h">
      <Filter>Header Files</Filter>
    </ClInclude>
    <ClInclude Include="StdAfx.h">
      <Filter>Header Files</Filter>
    </ClInclude>
  </ItemGroup>
  <ItemGroup>
    <Image Include="branch.ico">
      <Filter>Resource Files</Filter>
    </Image>
    <Image Include="branch_r.ico">
      <Filter>Resource Files</Filter>
    </Image>
    <Image Include="diff.ico">
      <Filter>Resource Files</Filter>
    </Image>
    <Image Include="diffadd.ico">
      <Filter>Resource Files</Filter>
    </Image>
    <Image Include="diffbin.ico">
      <Filter>Resource Files</Filter>
    </Image>
    <Image Include="diffdel.ico">
      <Filter>Resource Files</Filter>
    </Image>
    <Image Include="difffila.ico">
      <Filter>Resource Files</Filter>
    </Image>
    <Image Include="difffilb.ico">
      <Filter>Resource Files</Filter>
    </Image>
    <Image Include="difffile.ico">
      <Filter>Resource Files</Filter>
    </Image>
    <Image Include="diffhunk.ico">
      <Filter>Resource Files</Filter>
    </Image>
    <Image Include="head.ico">
      <Filter>Resource Files</Filter>
    </Image>
    <Image Include="history.ico">
      <Filter>Resource Files</Filter>
    </Image>
    <Image Include="lgit.ico">
      <Filter>Resource Files</Filter>
    </Image>
    <Image Include="tag.ico">
      <Filter>Resource Files</Filter>
    </Image>
    <Image Include="tag_l.ico">
      <Filter>Resource Files</Filter>
    </Image>
  </ItemGroup>
  <ItemGroup>
    <ResourceCompile Include="LGit.rc">
      <Filter>Resource Files</Filter>
    </ResourceCompile>
  </ItemGroup>
  <ItemGroup>
    <Text Include="ReadMe.txt" />
  </ItemGroup>
</Project>